
Microsoft Visual Studio Solution File, Format Version 12.00
# Visual Studio Version 17
VisualStudioVersion = 17.5.33502.453
MinimumVisualStudioVersion = 10.0.40219.1
Project("{9A19103F-16F7-4668-BE54-9A1E7A4F7556}") = "Data", "Data\Data.csproj", "{95CBA64B-A10E-4922-A667-06A88B03CC77}"
EndProject
Project("{9A19103F-16F7-4668-BE54-9A1E7A4F7556}") = "Negocio", "Negocio\Negocio.csproj", "{7CCB0401-831F-4C3C-9984-A8D228E03B2A}"
EndProject
Project("{9A19103F-16F7-4668-BE54-9A1E7A4F7556}") = "Entidades_complejas", "Entidades_complejas\Entidades_complejas.csproj", "{5C764621-EF7B-4F27-963E-E88B447824A3}"
EndProject
Project("{9A19103F-16F7-4668-BE54-9A1E7A4F7556}") = "Serv_Rest_Inventarios", "Serv_Rest_Inventarios\Serv_Rest_Inventarios.csproj", "{BA9D155E-9332-4634-AFEC-DB08CC9DEF5C}"
EndProject
Project("{9A19103F-16F7-4668-BE54-9A1E7A4F7556}") = "LDAP", "LDAP\LDAP.csproj", "{40E06E8F-45B8-46AF-A176-173A67503673}"
EndProject
Project("{9A19103F-16F7-4668-BE54-9A1E7A4F7556}") = "Email", "Email\Email.csproj", "{67E04651-1099-4DE6-96FD-B601B75A2381}"
EndProject
Project("{FAE04EC0-301F-11D3-BF4B-00C04F79EFBC}") = "Servicios_Win", "Servicios_Win\Servicios_Win.csproj", "{999622B8-44EE-418E-B6AC-28F95058E46B}"
EndProject
Global
	GlobalSection(SolutionConfigurationPlatforms) = preSolution
		Debug|Any CPU = Debug|Any CPU
		Release|Any CPU = Release|Any CPU
	EndGlobalSection
	GlobalSection(ProjectConfigurationPlatforms) = postSolution
		{95CBA64B-A10E-4922-A667-06A88B03CC77}.Debug|Any CPU.ActiveCfg = Debug|Any CPU
		{95CBA64B-A10E-4922-A667-06A88B03CC77}.Debug|Any CPU.Build.0 = Debug|Any CPU
		{95CBA64B-A10E-4922-A667-06A88B03CC77}.Release|Any CPU.ActiveCfg = Release|Any CPU
		{95CBA64B-A10E-4922-A667-06A88B03CC77}.Release|Any CPU.Build.0 = Release|Any CPU
		{7CCB0401-831F-4C3C-9984-A8D228E03B2A}.Debug|Any CPU.ActiveCfg = Debug|Any CPU
		{7CCB0401-831F-4C3C-9984-A8D228E03B2A}.Debug|Any CPU.Build.0 = Debug|Any CPU
		{7CCB0401-831F-4C3C-9984-A8D228E03B2A}.Release|Any CPU.ActiveCfg = Release|Any CPU
		{7CCB0401-831F-4C3C-9984-A8D228E03B2A}.Release|Any CPU.Build.0 = Release|Any CPU
		{5C764621-EF7B-4F27-963E-E88B447824A3}.Debug|Any CPU.ActiveCfg = Debug|Any CPU
		{5C764621-EF7B-4F27-963E-E88B447824A3}.Debug|Any CPU.Build.0 = Debug|Any CPU
		{5C764621-EF7B-4F27-963E-E88B447824A3}.Release|Any CPU.ActiveCfg = Release|Any CPU
		{5C764621-EF7B-4F27-963E-E88B447824A3}.Release|Any CPU.Build.0 = Release|Any CPU
		{BA9D155E-9332-4634-AFEC-DB08CC9DEF5C}.Debug|Any CPU.ActiveCfg = Debug|Any CPU
		{BA9D155E-9332-4634-AFEC-DB08CC9DEF5C}.Debug|Any CPU.Build.0 = Debug|Any CPU
		{BA9D155E-9332-4634-AFEC-DB08CC9DEF5C}.Release|Any CPU.ActiveCfg = Release|Any CPU
		{BA9D155E-9332-4634-AFEC-DB08CC9DEF5C}.Release|Any CPU.Build.0 = Release|Any CPU
		{40E06E8F-45B8-46AF-A176-173A67503673}.Debug|Any CPU.ActiveCfg = Debug|Any CPU
		{40E06E8F-45B8-46AF-A176-173A67503673}.Debug|Any CPU.Build.0 = Debug|Any CPU
		{40E06E8F-45B8-46AF-A176-173A67503673}.Release|Any CPU.ActiveCfg = Release|Any CPU
		{40E06E8F-45B8-46AF-A176-173A67503673}.Release|Any CPU.Build.0 = Release|Any CPU
		{67E04651-1099-4DE6-96FD-B601B75A2381}.Debug|Any CPU.ActiveCfg = Debug|Any CPU
		{67E04651-1099-4DE6-96FD-B601B75A2381}.Debug|Any CPU.Build.0 = Debug|Any CPU
		{67E04651-1099-4DE6-96FD-B601B75A2381}.Release|Any CPU.ActiveCfg = Release|Any CPU
		{67E04651-1099-4DE6-96FD-B601B75A2381}.Release|Any CPU.Build.0 = Release|Any CPU
		{999622B8-44EE-418E-B6AC-28F95058E46B}.Debug|Any CPU.ActiveCfg = Debug|Any CPU
		{999622B8-44EE-418E-B6AC-28F95058E46B}.Debug|Any CPU.Build.0 = Debug|Any CPU
		{999622B8-44EE-418E-B6AC-28F95058E46B}.Release|Any CPU.ActiveCfg = Release|Any CPU
		{999622B8-44EE-418E-B6AC-28F95058E46B}.Release|Any CPU.Build.0 = Release|Any CPU
	EndGlobalSection
	GlobalSection(SolutionProperties) = preSolution
		HideSolutionNode = FALSE
	EndGlobalSection
	GlobalSection(ExtensibilityGlobals) = postSolution
		SolutionGuid = {FFA09525-B1D8-4840-9604-FF30AFE2860E}
	EndGlobalSection
EndGlobal
